// !$*UTF8*$!
{
	archiveVersion = 1;
	classes = {
	};
	objectVersion = 46;
	objects = {

/* Begin PBXBuildFile section */
		5C5070591C6138F500EEB188 /* LaunchScreen.storyboard in Resources */ = {isa = PBXBuildFile; fileRef = 5C5070461C6138F500EEB188 /* LaunchScreen.storyboard */; };
		5C50705A1C6138F500EEB188 /* Main.storyboard in Resources */ = {isa = PBXBuildFile; fileRef = 5C5070481C6138F500EEB188 /* Main.storyboard */; };
		5C50705B1C6138F500EEB188 /* Info.plist in Resources */ = {isa = PBXBuildFile; fileRef = 5C50704A1C6138F500EEB188 /* Info.plist */; };
		5C50705C1C6138F500EEB188 /* weeklyTableTableViewController.swift in Sources */ = {isa = PBXBuildFile; fileRef = 5C50704B1C6138F500EEB188 /* weeklyTableTableViewController.swift */; };
		5C50705D1C6138F500EEB188 /* Assets.xcassets in Resources */ = {isa = PBXBuildFile; fileRef = 5C50704C1C6138F500EEB188 /* Assets.xcassets */; };
		5C50705E1C6138F500EEB188 /* backgroundView.swift in Sources */ = {isa = PBXBuildFile; fileRef = 5C50704D1C6138F500EEB188 /* backgroundView.swift */; };
		5C50705F1C6138F500EEB188 /* CurrentWeather.swift in Sources */ = {isa = PBXBuildFile; fileRef = 5C50704E1C6138F500EEB188 /* CurrentWeather.swift */; };
		5C5070601C6138F500EEB188 /* dailyWeather.swift in Sources */ = {isa = PBXBuildFile; fileRef = 5C50704F1C6138F500EEB188 /* dailyWeather.swift */; };
		5C5070611C6138F500EEB188 /* dailyWeatherTableViewCell.swift in Sources */ = {isa = PBXBuildFile; fileRef = 5C5070501C6138F500EEB188 /* dailyWeatherTableViewCell.swift */; };
		5C5070621C6138F500EEB188 /* detailBackgroundView.swift in Sources */ = {isa = PBXBuildFile; fileRef = 5C5070511C6138F500EEB188 /* detailBackgroundView.swift */; };
		5C5070631C6138F500EEB188 /* forecast.swift in Sources */ = {isa = PBXBuildFile; fileRef = 5C5070521C6138F500EEB188 /* forecast.swift */; };
		5C5070641C6138F500EEB188 /* ForecastService.swift in Sources */ = {isa = PBXBuildFile; fileRef = 5C5070531C6138F500EEB188 /* ForecastService.swift */; };
		5C5070651C6138F500EEB188 /* icon.swift in Sources */ = {isa = PBXBuildFile; fileRef = 5C5070541C6138F500EEB188 /* icon.swift */; };
		5C5070661C6138F500EEB188 /* ViewController.swift in Sources */ = {isa = PBXBuildFile; fileRef = 5C5070551C6138F500EEB188 /* ViewController.swift */; };
		5C5070671C6138F500EEB188 /* AppDelegate.swift in Sources */ = {isa = PBXBuildFile; fileRef = 5C5070561C6138F500EEB188 /* AppDelegate.swift */; };
		5C5070681C6138F500EEB188 /* CurrentWeather.plist in Resources */ = {isa = PBXBuildFile; fileRef = 5C5070571C6138F500EEB188 /* CurrentWeather.plist */; };
		5C5070691C6138F500EEB188 /* NetworkOperation.swift in Sources */ = {isa = PBXBuildFile; fileRef = 5C5070581C6138F500EEB188 /* NetworkOperation.swift */; };
/* End PBXBuildFile section */

/* Begin PBXFileReference section */
		5C5070441C6138E800EEB188 /* windly.app */ = {isa = PBXFileReference; explicitFileType = wrapper.application; includeInIndex = 0; name = windly.app; path = "/Users/kyleong/Dropbox/iOS/windly/build/Debug-iphoneos/windly.app"; sourceTree = "<absolute>"; };
		5C5070471C6138F500EEB188 /* Base */ = {isa = PBXFileReference; lastKnownFileType = file.storyboard; name = Base; path = LaunchScreen.storyboard; sourceTree = "<group>"; };
		5C5070491C6138F500EEB188 /* Base */ = {isa = PBXFileReference; lastKnownFileType = file.storyboard; name = Base; path = Main.storyboard; sourceTree = "<group>"; };
		5C50704A1C6138F500EEB188 /* Info.plist */ = {isa = PBXFileReference; fileEncoding = 4; lastKnownFileType = text.plist.xml; name = Info.plist; path = windly/Info.plist; sourceTree = "<group>"; };
		5C50704B1C6138F500EEB188 /* weeklyTableTableViewController.swift */ = {isa = PBXFileReference; fileEncoding = 4; lastKnownFileType = sourcecode.swift; name = weeklyTableTableViewController.swift; path = windly/weeklyTableTableViewController.swift; sourceTree = "<group>"; };
		5C50704C1C6138F500EEB188 /* Assets.xcassets */ = {isa = PBXFileReference; lastKnownFileType = folder.assetcatalog; name = Assets.xcassets; path = windly/Assets.xcassets; sourceTree = "<group>"; };
		5C50704D1C6138F500EEB188 /* backgroundView.swift */ = {isa = PBXFileReference; fileEncoding = 4; lastKnownFileType = sourcecode.swift; name = backgroundView.swift; path = windly/backgroundView.swift; sourceTree = "<group>"; };
		5C50704E1C6138F500EEB188 /* CurrentWeather.swift */ = {isa = PBXFileReference; fileEncoding = 4; lastKnownFileType = sourcecode.swift; name = CurrentWeather.swift; path = windly/CurrentWeather.swift; sourceTree = "<group>"; };
		5C50704F1C6138F500EEB188 /* dailyWeather.swift */ = {isa = PBXFileReference; fileEncoding = 4; lastKnownFileType = sourcecode.swift; name = dailyWeather.swift; path = windly/dailyWeather.swift; sourceTree = "<group>"; };
		5C5070501C6138F500EEB188 /* dailyWeatherTableViewCell.swift */ = {isa = PBXFileReference; fileEncoding = 4; lastKnownFileType = sourcecode.swift; name = dailyWeatherTableViewCell.swift; path = windly/dailyWeatherTableViewCell.swift; sourceTree = "<group>"; };
		5C5070511C6138F500EEB188 /* detailBackgroundView.swift */ = {isa = PBXFileReference; fileEncoding = 4; lastKnownFileType = sourcecode.swift; name = detailBackgroundView.swift; path = windly/detailBackgroundView.swift; sourceTree = "<group>"; };
		5C5070521C6138F500EEB188 /* forecast.swift */ = {isa = PBXFileReference; fileEncoding = 4; lastKnownFileType = sourcecode.swift; name = forecast.swift; path = windly/forecast.swift; sourceTree = "<group>"; };
		5C5070531C6138F500EEB188 /* ForecastService.swift */ = {isa = PBXFileReference; fileEncoding = 4; lastKnownFileType = sourcecode.swift; name = ForecastService.swift; path = windly/ForecastService.swift; sourceTree = "<group>"; };
		5C5070541C6138F500EEB188 /* icon.swift */ = {isa = PBXFileReference; fileEncoding = 4; lastKnownFileType = sourcecode.swift; name = icon.swift; path = windly/icon.swift; sourceTree = "<group>"; };
		5C5070551C6138F500EEB188 /* ViewController.swift */ = {isa = PBXFileReference; fileEncoding = 4; lastKnownFileType = sourcecode.swift; name = ViewController.swift; path = windly/ViewController.swift; sourceTree = "<group>"; };
		5C5070561C6138F500EEB188 /* AppDelegate.swift */ = {isa = PBXFileReference; fileEncoding = 4; lastKnownFileType = sourcecode.swift; name = AppDelegate.swift; path = windly/AppDelegate.swift; sourceTree = "<group>"; };
		5C5070571C6138F500EEB188 /* CurrentWeather.plist */ = {isa = PBXFileReference; fileEncoding = 4; lastKnownFileType = text.plist.xml; name = CurrentWeather.plist; path = windly/CurrentWeather.plist; sourceTree = "<group>"; };
		5C5070581C6138F500EEB188 /* NetworkOperation.swift */ = {isa = PBXFileReference; fileEncoding = 4; lastKnownFileType = sourcecode.swift; name = NetworkOperation.swift; path = windly/NetworkOperation.swift; sourceTree = "<group>"; };
/* End PBXFileReference section */

/* Begin PBXFrameworksBuildPhase section */
		5C185B861C552EA6007CC2AA /* Frameworks */ = {
			isa = PBXFrameworksBuildPhase;
			buildActionMask = 2147483647;
			files = (
			);
			runOnlyForDeploymentPostprocessing = 0;
		};
/* End PBXFrameworksBuildPhase section */

/* Begin PBXGroup section */
		5C185B801C552EA6007CC2AA = {
			isa = PBXGroup;
			children = (
				5C5070451C6138F500EEB188 /* Base.lproj */,
				5C50704A1C6138F500EEB188 /* Info.plist */,
				5C50704B1C6138F500EEB188 /* weeklyTableTableViewController.swift */,
				5C50704C1C6138F500EEB188 /* Assets.xcassets */,
				5C50704D1C6138F500EEB188 /* backgroundView.swift */,
				5C50704E1C6138F500EEB188 /* CurrentWeather.swift */,
				5C50704F1C6138F500EEB188 /* dailyWeather.swift */,
				5C5070501C6138F500EEB188 /* dailyWeatherTableViewCell.swift */,
				5C5070511C6138F500EEB188 /* detailBackgroundView.swift */,
				5C5070521C6138F500EEB188 /* forecast.swift */,
				5C5070531C6138F500EEB188 /* ForecastService.swift */,
				5C5070541C6138F500EEB188 /* icon.swift */,
				5C5070551C6138F500EEB188 /* ViewController.swift */,
				5C5070561C6138F500EEB188 /* AppDelegate.swift */,
				5C5070571C6138F500EEB188 /* CurrentWeather.plist */,
				5C5070581C6138F500EEB188 /* NetworkOperation.swift */,
			);
			sourceTree = "<group>";
		};
		5C5070451C6138F500EEB188 /* Base.lproj */ = {
			isa = PBXGroup;
			children = (
				5C5070461C6138F500EEB188 /* LaunchScreen.storyboard */,
				5C5070481C6138F500EEB188 /* Main.storyboard */,
			);
			name = Base.lproj;
			path = windly/Base.lproj;
			sourceTree = "<group>";
		};
/* End PBXGroup section */

/* Begin PBXNativeTarget section */
		5C185B881C552EA6007CC2AA /* windly */ = {
			isa = PBXNativeTarget;
			buildConfigurationList = 5C185B9B1C552EA6007CC2AA /* Build configuration list for PBXNativeTarget "windly" */;
			buildPhases = (
				5C185B851C552EA6007CC2AA /* Sources */,
				5C185B861C552EA6007CC2AA /* Frameworks */,
				5C185B871C552EA6007CC2AA /* Resources */,
			);
			buildRules = (
			);
			dependencies = (
			);
			name = windly;
			productName = stormy;
			productReference = 5C5070441C6138E800EEB188 /* windly.app */;
			productType = "com.apple.product-type.application";
		};
/* End PBXNativeTarget section */

/* Begin PBXProject section */
		5C185B811C552EA6007CC2AA /* Project object */ = {
			isa = PBXProject;
			attributes = {
				LastSwiftUpdateCheck = 0720;
				LastUpgradeCheck = 0720;
				ORGANIZATIONNAME = "Kyle Ong";
				TargetAttributes = {
					5C185B881C552EA6007CC2AA = {
						CreatedOnToolsVersion = 7.2;
					};
				};
			};
			buildConfigurationList = 5C185B841C552EA6007CC2AA /* Build configuration list for PBXProject "windly" */;
			compatibilityVersion = "Xcode 3.2";
			developmentRegion = English;
			hasScannedForEncodings = 0;
			knownRegions = (
				en,
				Base,
			);
			mainGroup = 5C185B801C552EA6007CC2AA;
			productRefGroup = 5C185B801C552EA6007CC2AA;
			projectDirPath = "";
			projectRoot = "";
			targets = (
				5C185B881C552EA6007CC2AA /* windly */,
			);
		};
/* End PBXProject section */

/* Begin PBXResourcesBuildPhase section */
		5C185B871C552EA6007CC2AA /* Resources */ = {
			isa = PBXResourcesBuildPhase;
			buildActionMask = 2147483647;
			files = (
				5C5070591C6138F500EEB188 /* LaunchScreen.storyboard in Resources */,
				5C50705A1C6138F500EEB188 /* Main.storyboard in Resources */,
				5C5070681C6138F500EEB188 /* CurrentWeather.plist in Resources */,
				5C50705D1C6138F500EEB188 /* Assets.xcassets in Resources */,
				5C50705B1C6138F500EEB188 /* Info.plist in Resources */,
			);
			runOnlyForDeploymentPostprocessing = 0;
		};
/* End PBXResourcesBuildPhase section */

/* Begin PBXSourcesBuildPhase section */
		5C185B851C552EA6007CC2AA /* Sources */ = {
			isa = PBXSourcesBuildPhase;
			buildActionMask = 2147483647;
			files = (
				5C5070671C6138F500EEB188 /* AppDelegate.swift in Sources */,
				5C5070661C6138F500EEB188 /* ViewController.swift in Sources */,
				5C5070641C6138F500EEB188 /* ForecastService.swift in Sources */,
				5C5070601C6138F500EEB188 /* dailyWeather.swift in Sources */,
				5C5070691C6138F500EEB188 /* NetworkOperation.swift in Sources */,
				5C5070621C6138F500EEB188 /* detailBackgroundView.swift in Sources */,
				5C50705E1C6138F500EEB188 /* backgroundView.swift in Sources */,
				5C5070631C6138F500EEB188 /* forecast.swift in Sources */,
				5C5070651C6138F500EEB188 /* icon.swift in Sources */,
				5C50705F1C6138F500EEB188 /* CurrentWeather.swift in Sources */,
				5C50705C1C6138F500EEB188 /* weeklyTableTableViewController.swift in Sources */,
				5C5070611C6138F500EEB188 /* dailyWeatherTableViewCell.swift in Sources */,
			);
			runOnlyForDeploymentPostprocessing = 0;
		};
/* End PBXSourcesBuildPhase section */

/* Begin PBXVariantGroup section */
		5C5070461C6138F500EEB188 /* LaunchScreen.storyboard */ = {
			isa = PBXVariantGroup;
			children = (
				5C5070471C6138F500EEB188 /* Base */,
			);
			name = LaunchScreen.storyboard;
			sourceTree = "<group>";
		};
		5C5070481C6138F500EEB188 /* Main.storyboard */ = {
			isa = PBXVariantGroup;
			children = (
				5C5070491C6138F500EEB188 /* Base */,
			);
			name = Main.storyboard;
			sourceTree = "<group>";
		};
/* End PBXVariantGroup section */

/* Begin XCBuildConfiguration section */
		5C185B991C552EA6007CC2AA /* Debug */ = {
			isa = XCBuildConfiguration;
			buildSettings = {
				ALWAYS_SEARCH_USER_PATHS = NO;
				CLANG_CXX_LANGUAGE_STANDARD = "gnu++0x";
				CLANG_CXX_LIBRARY = "libc++";
				CLANG_ENABLE_MODULES = YES;
				CLANG_ENABLE_OBJC_ARC = YES;
				CLANG_WARN_BOOL_CONVERSION = YES;
				CLANG_WARN_CONSTANT_CONVERSION = YES;
				CLANG_WARN_DIRECT_OBJC_ISA_USAGE = YES_ERROR;
				CLANG_WARN_EMPTY_BODY = YES;
				CLANG_WARN_ENUM_CONVERSION = YES;
				CLANG_WARN_INT_CONVERSION = YES;
				CLANG_WARN_OBJC_ROOT_CLASS = YES_ERROR;
				CLANG_WARN_UNREACHABLE_CODE = YES;
				CLANG_WARN__DUPLICATE_METHOD_MATCH = YES;
				"CODE_SIGN_IDENTITY[sdk=iphoneos*]" = "iPhone Developer";
				COPY_PHASE_STRIP = NO;
				DEBUG_INFORMATION_FORMAT = dwarf;
				ENABLE_STRICT_OBJC_MSGSEND = YES;
				ENABLE_TESTABILITY = YES;
				GCC_C_LANGUAGE_STANDARD = gnu99;
				GCC_DYNAMIC_NO_PIC = NO;
				GCC_NO_COMMON_BLOCKS = YES;
				GCC_OPTIMIZATION_LEVEL = 0;
				GCC_PREPROCESSOR_DEFINITIONS = (
					"DEBUG=1",
					"$(inherited)",
				);
				GCC_WARN_64_TO_32_BIT_CONVERSION = YES;
				GCC_WARN_ABOUT_RETURN_TYPE = YES_ERROR;
				GCC_WARN_UNDECLARED_SELECTOR = YES;
				GCC_WARN_UNINITIALIZED_AUTOS = YES_AGGRESSIVE;
				GCC_WARN_UNUSED_FUNCTION = YES;
				GCC_WARN_UNUSED_VARIABLE = YES;
				IPHONEOS_DEPLOYMENT_TARGET = 9.2;
				MTL_ENABLE_DEBUG_INFO = YES;
				ONLY_ACTIVE_ARCH = YES;
				SDKROOT = iphoneos;
				SWIFT_OPTIMIZATION_LEVEL = "-Onone";
			};
			name = Debug;
		};
		5C185B9A1C552EA6007CC2AA /* Release */ = {
			isa = XCBuildConfiguration;
			buildSettings = {
				ALWAYS_SEARCH_USER_PATHS = NO;
				CLANG_CXX_LANGUAGE_STANDARD = "gnu++0x";
				CLANG_CXX_LIBRARY = "libc++";
				CLANG_ENABLE_MODULES = YES;
				CLANG_ENABLE_OBJC_ARC = YES;
				CLANG_WARN_BOOL_CONVERSION = YES;
				CLANG_WARN_CONSTANT_CONVERSION = YES;
				CLANG_WARN_DIRECT_OBJC_ISA_USAGE = YES_ERROR;
				CLANG_WARN_EMPTY_BODY = YES;
				CLANG_WARN_ENUM_CONVERSION = YES;
				CLANG_WARN_INT_CONVERSION = YES;
				CLANG_WARN_OBJC_ROOT_CLASS = YES_ERROR;
				CLANG_WARN_UNREACHABLE_CODE = YES;
				CLANG_WARN__DUPLICATE_METHOD_MATCH = YES;
				"CODE_SIGN_IDENTITY[sdk=iphoneos*]" = "iPhone Developer";
				COPY_PHASE_STRIP = NO;
				DEBUG_INFORMATION_FORMAT = "dwarf-with-dsym";
				ENABLE_NS_ASSERTIONS = NO;
				ENABLE_STRICT_OBJC_MSGSEND = YES;
				GCC_C_LANGUAGE_STANDARD = gnu99;
				GCC_NO_COMMON_BLOCKS = YES;
				GCC_WARN_64_TO_32_BIT_CONVERSION = YES;
				GCC_WARN_ABOUT_RETURN_TYPE = YES_ERROR;
				GCC_WARN_UNDECLARED_SELECTOR = YES;
				GCC_WARN_UNINITIALIZED_AUTOS = YES_AGGRESSIVE;
				GCC_WARN_UNUSED_FUNCTION = YES;
				GCC_WARN_UNUSED_VARIABLE = YES;
				IPHONEOS_DEPLOYMENT_TARGET = 9.2;
				MTL_ENABLE_DEBUG_INFO = NO;
				SDKROOT = iphoneos;
				VALIDATE_PRODUCT = YES;
			};
			name = Release;
		};
		5C185B9C1C552EA6007CC2AA /* Debug */ = {
			isa = XCBuildConfiguration;
			buildSettings = {
				ASSETCATALOG_COMPILER_APPICON_NAME = AppIcon;
				CLANG_ENABLE_MODULES = YES;
				INFOPLIST_FILE = stormy/Info.plist;
				LD_RUNPATH_SEARCH_PATHS = "$(inherited) @executable_path/Frameworks";
				PRODUCT_BUNDLE_IDENTIFIER = com.kyleong.windly;
				PRODUCT_NAME = windly;
				SWIFT_OBJC_BRIDGING_HEADER = "windly-Bridging-Header.h";
				SWIFT_OPTIMIZATION_LEVEL = "-Onone";
			};
			name = Debug;
		};
		5C185B9D1C552EA6007CC2AA /* Release */ = {
			isa = XCBuildConfiguration;
			buildSettings = {
				ASSETCATALOG_COMPILER_APPICON_NAME = AppIcon;
				CLANG_ENABLE_MODULES = YES;
				INFOPLIST_FILE = stormy/Info.plist;
				LD_RUNPATH_SEARCH_PATHS = "$(inherited) @executable_path/Frameworks";
				PRODUCT_BUNDLE_IDENTIFIER = com.kyleong.windly;
				PRODUCT_NAME = windly;
				SWIFT_OBJC_BRIDGING_HEADER = "windly-Bridging-Header.h";
			};
			name = Release;
		};
/* End XCBuildConfiguration section */

/* Begin XCConfigurationList section */
		5C185B841C552EA6007CC2AA /* Build configuration list for PBXProject "windly" */ = {
			isa = XCConfigurationList;
			buildConfigurations = (
				5C185B991C552EA6007CC2AA /* Debug */,
				5C185B9A1C552EA6007CC2AA /* Release */,
			);
			defaultConfigurationIsVisible = 0;
			defaultConfigurationName = Release;
		};
		5C185B9B1C552EA6007CC2AA /* Build configuration list for PBXNativeTarget "windly" */ = {
			isa = XCConfigurationList;
			buildConfigurations = (
				5C185B9C1C552EA6007CC2AA /* Debug */,
				5C185B9D1C552EA6007CC2AA /* Release */,
			);
			defaultConfigurationIsVisible = 0;
			defaultConfigurationName = Release;
		};
/* End XCConfigurationList section */
	};
	rootObject = 5C185B811C552EA6007CC2AA /* Project object */;
}
